// !$*UTF8*$!
{
	archiveVersion = 1;
	classes = {
	};
	objectVersion = 56;
	objects = {

/* Begin PBXBuildFile section */
		FE5372B42A039C9F00E2AA89 /* MyCars in Frameworks */ = {isa = PBXBuildFile; productRef = FE5372B32A039C9F00E2AA89 /* MyCars */; };
		FE8BE8352A02BD3400D1B20C /* AppDelegate.swift in Sources */ = {isa = PBXBuildFile; fileRef = FE8BE8342A02BD3400D1B20C /* AppDelegate.swift */; };
		FE8BE8382A02BD3400D1B20C /* MyProject.xcdatamodeld in Sources */ = {isa = PBXBuildFile; fileRef = FE8BE8362A02BD3400D1B20C /* MyProject.xcdatamodeld */; };
		FE8BE83A2A02BD3600D1B20C /* Assets.xcassets in Resources */ = {isa = PBXBuildFile; fileRef = FE8BE8392A02BD3600D1B20C /* Assets.xcassets */; };
		FE8BE83D2A02BD3600D1B20C /* MainMenu.xib in Resources */ = {isa = PBXBuildFile; fileRef = FE8BE83B2A02BD3600D1B20C /* MainMenu.xib */; };
		FE8BE8482A02BD3600D1B20C /* MyProjectTests.swift in Sources */ = {isa = PBXBuildFile; fileRef = FE8BE8472A02BD3600D1B20C /* MyProjectTests.swift */; };
		FE8BE8522A02BD3600D1B20C /* MyProjectUITests.swift in Sources */ = {isa = PBXBuildFile; fileRef = FE8BE8512A02BD3600D1B20C /* MyProjectUITests.swift */; };
		FE8BE8542A02BD3600D1B20C /* MyProjectUITestsLaunchTests.swift in Sources */ = {isa = PBXBuildFile; fileRef = FE8BE8532A02BD3600D1B20C /* MyProjectUITestsLaunchTests.swift */; };
/* End PBXBuildFile section */

/* Begin PBXContainerItemProxy section */
		FE8BE8442A02BD3600D1B20C /* PBXContainerItemProxy */ = {
			isa = PBXContainerItemProxy;
			containerPortal = FE8BE8292A02BD3400D1B20C /* Project object */;
			proxyType = 1;
			remoteGlobalIDString = FE8BE8302A02BD3400D1B20C;
			remoteInfo = MyProject;
		};
		FE8BE84E2A02BD3600D1B20C /* PBXContainerItemProxy */ = {
			isa = PBXContainerItemProxy;
			containerPortal = FE8BE8292A02BD3400D1B20C /* Project object */;
			proxyType = 1;
			remoteGlobalIDString = FE8BE8302A02BD3400D1B20C;
			remoteInfo = MyProject;
		};
/* End PBXContainerItemProxy section */

/* Begin PBXFileReference section */
		FE8BE8312A02BD3400D1B20C /* MyProject.app */ = {isa = PBXFileReference; explicitFileType = wrapper.application; includeInIndex = 0; path = MyProject.app; sourceTree = BUILT_PRODUCTS_DIR; };
		FE8BE8342A02BD3400D1B20C /* AppDelegate.swift */ = {isa = PBXFileReference; lastKnownFileType = sourcecode.swift; path = AppDelegate.swift; sourceTree = "<group>"; };
		FE8BE8372A02BD3400D1B20C /* MyProject.xcdatamodel */ = {isa = PBXFileReference; lastKnownFileType = wrapper.xcdatamodel; path = MyProject.xcdatamodel; sourceTree = "<group>"; };
		FE8BE8392A02BD3600D1B20C /* Assets.xcassets */ = {isa = PBXFileReference; lastKnownFileType = folder.assetcatalog; path = Assets.xcassets; sourceTree = "<group>"; };
		FE8BE83C2A02BD3600D1B20C /* Base */ = {isa = PBXFileReference; lastKnownFileType = file.xib; name = Base; path = Base.lproj/MainMenu.xib; sourceTree = "<group>"; };
		FE8BE83E2A02BD3600D1B20C /* MyProject.entitlements */ = {isa = PBXFileReference; lastKnownFileType = text.plist.entitlements; path = MyProject.entitlements; sourceTree = "<group>"; };
		FE8BE8432A02BD3600D1B20C /* MyProjectTests.xctest */ = {isa = PBXFileReference; explicitFileType = wrapper.cfbundle; includeInIndex = 0; path = MyProjectTests.xctest; sourceTree = BUILT_PRODUCTS_DIR; };
		FE8BE8472A02BD3600D1B20C /* MyProjectTests.swift */ = {isa = PBXFileReference; lastKnownFileType = sourcecode.swift; path = MyProjectTests.swift; sourceTree = "<group>"; };
		FE8BE84D2A02BD3600D1B20C /* MyProjectUITests.xctest */ = {isa = PBXFileReference; explicitFileType = wrapper.cfbundle; includeInIndex = 0; path = MyProjectUITests.xctest; sourceTree = BUILT_PRODUCTS_DIR; };
		FE8BE8512A02BD3600D1B20C /* MyProjectUITests.swift */ = {isa = PBXFileReference; lastKnownFileType = sourcecode.swift; path = MyProjectUITests.swift; sourceTree = "<group>"; };
		FE8BE8532A02BD3600D1B20C /* MyProjectUITestsLaunchTests.swift */ = {isa = PBXFileReference; lastKnownFileType = sourcecode.swift; path = MyProjectUITestsLaunchTests.swift; sourceTree = "<group>"; };
/* End PBXFileReference section */

/* Begin PBXFrameworksBuildPhase section */
		FE8BE82E2A02BD3400D1B20C /* Frameworks */ = {
			isa = PBXFrameworksBuildPhase;
			buildActionMask = 2147483647;
			files = (
				FE5372B42A039C9F00E2AA89 /* MyCars in Frameworks */,
			);
			runOnlyForDeploymentPostprocessing = 0;
		};
		FE8BE8402A02BD3600D1B20C /* Frameworks */ = {
			isa = PBXFrameworksBuildPhase;
			buildActionMask = 2147483647;
			files = (
			);
			runOnlyForDeploymentPostprocessing = 0;
		};
		FE8BE84A2A02BD3600D1B20C /* Frameworks */ = {
			isa = PBXFrameworksBuildPhase;
			buildActionMask = 2147483647;
			files = (
			);
			runOnlyForDeploymentPostprocessing = 0;
		};
/* End PBXFrameworksBuildPhase section */

/* Begin PBXGroup section */
		FE3176042A02D6980057A852 /* Packages */ = {
			isa = PBXGroup;
			children = (
			);
			name = Packages;
			sourceTree = "<group>";
		};
		FE3176062A02D6F50057A852 /* Frameworks */ = {
			isa = PBXGroup;
			children = (
			);
			name = Frameworks;
			sourceTree = "<group>";
		};
		FE8BE8282A02BD3400D1B20C = {
			isa = PBXGroup;
			children = (
				FE3176042A02D6980057A852 /* Packages */,
				FE8BE8332A02BD3400D1B20C /* MyProject */,
				FE8BE8462A02BD3600D1B20C /* MyProjectTests */,
				FE8BE8502A02BD3600D1B20C /* MyProjectUITests */,
				FE8BE8322A02BD3400D1B20C /* Products */,
				FE3176062A02D6F50057A852 /* Frameworks */,
			);
			sourceTree = "<group>";
		};
		FE8BE8322A02BD3400D1B20C /* Products */ = {
			isa = PBXGroup;
			children = (
				FE8BE8312A02BD3400D1B20C /* MyProject.app */,
				FE8BE8432A02BD3600D1B20C /* MyProjectTests.xctest */,
				FE8BE84D2A02BD3600D1B20C /* MyProjectUITests.xctest */,
			);
			name = Products;
			sourceTree = "<group>";
		};
		FE8BE8332A02BD3400D1B20C /* MyProject */ = {
			isa = PBXGroup;
			children = (
				FE8BE8342A02BD3400D1B20C /* AppDelegate.swift */,
				FE8BE8392A02BD3600D1B20C /* Assets.xcassets */,
				FE8BE83B2A02BD3600D1B20C /* MainMenu.xib */,
				FE8BE83E2A02BD3600D1B20C /* MyProject.entitlements */,
				FE8BE8362A02BD3400D1B20C /* MyProject.xcdatamodeld */,
			);
			path = MyProject;
			sourceTree = "<group>";
		};
		FE8BE8462A02BD3600D1B20C /* MyProjectTests */ = {
			isa = PBXGroup;
			children = (
				FE8BE8472A02BD3600D1B20C /* MyProjectTests.swift */,
			);
			path = MyProjectTests;
			sourceTree = "<group>";
		};
		FE8BE8502A02BD3600D1B20C /* MyProjectUITests */ = {
			isa = PBXGroup;
			children = (
				FE8BE8512A02BD3600D1B20C /* MyProjectUITests.swift */,
				FE8BE8532A02BD3600D1B20C /* MyProjectUITestsLaunchTests.swift */,
			);
			path = MyProjectUITests;
			sourceTree = "<group>";
		};
/* End PBXGroup section */

/* Begin PBXNativeTarget section */
		FE8BE8302A02BD3400D1B20C /* MyProject */ = {
			isa = PBXNativeTarget;
			buildConfigurationList = FE8BE8572A02BD3600D1B20C /* Build configuration list for PBXNativeTarget "MyProject" */;
			buildPhases = (
				FE8BE82D2A02BD3400D1B20C /* Sources */,
				FE8BE82E2A02BD3400D1B20C /* Frameworks */,
				FE8BE82F2A02BD3400D1B20C /* Resources */,
			);
			buildRules = (
			);
			dependencies = (
			);
			name = MyProject;
			packageProductDependencies = (
				FE5372B32A039C9F00E2AA89 /* MyCars */,
			);
			productName = MyProject;
			productReference = FE8BE8312A02BD3400D1B20C /* MyProject.app */;
			productType = "com.apple.product-type.application";
		};
		FE8BE8422A02BD3600D1B20C /* MyProjectTests */ = {
			isa = PBXNativeTarget;
			buildConfigurationList = FE8BE85A2A02BD3600D1B20C /* Build configuration list for PBXNativeTarget "MyProjectTests" */;
			buildPhases = (
				FE8BE83F2A02BD3600D1B20C /* Sources */,
				FE8BE8402A02BD3600D1B20C /* Frameworks */,
				FE8BE8412A02BD3600D1B20C /* Resources */,
			);
			buildRules = (
			);
			dependencies = (
				FE8BE8452A02BD3600D1B20C /* PBXTargetDependency */,
			);
			name = MyProjectTests;
			productName = MyProjectTests;
			productReference = FE8BE8432A02BD3600D1B20C /* MyProjectTests.xctest */;
			productType = "com.apple.product-type.bundle.unit-test";
		};
		FE8BE84C2A02BD3600D1B20C /* MyProjectUITests */ = {
			isa = PBXNativeTarget;
			buildConfigurationList = FE8BE85D2A02BD3600D1B20C /* Build configuration list for PBXNativeTarget "MyProjectUITests" */;
			buildPhases = (
				FE8BE8492A02BD3600D1B20C /* Sources */,
				FE8BE84A2A02BD3600D1B20C /* Frameworks */,
				FE8BE84B2A02BD3600D1B20C /* Resources */,
			);
			buildRules = (
			);
			dependencies = (
				FE8BE84F2A02BD3600D1B20C /* PBXTargetDependency */,
			);
			name = MyProjectUITests;
			productName = MyProjectUITests;
			productReference = FE8BE84D2A02BD3600D1B20C /* MyProjectUITests.xctest */;
			productType = "com.apple.product-type.bundle.ui-testing";
		};
/* End PBXNativeTarget section */

/* Begin PBXProject section */
		FE8BE8292A02BD3400D1B20C /* Project object */ = {
			isa = PBXProject;
			attributes = {
				BuildIndependentTargetsInParallel = 1;
				LastSwiftUpdateCheck = 1430;
				LastUpgradeCheck = 1430;
				TargetAttributes = {
					FE8BE8302A02BD3400D1B20C = {
						CreatedOnToolsVersion = 14.3;
					};
					FE8BE8422A02BD3600D1B20C = {
						CreatedOnToolsVersion = 14.3;
						TestTargetID = FE8BE8302A02BD3400D1B20C;
					};
					FE8BE84C2A02BD3600D1B20C = {
						CreatedOnToolsVersion = 14.3;
						TestTargetID = FE8BE8302A02BD3400D1B20C;
					};
				};
			};
			buildConfigurationList = FE8BE82C2A02BD3400D1B20C /* Build configuration list for PBXProject "MyProject" */;
			compatibilityVersion = "Xcode 14.0";
			developmentRegion = en;
			hasScannedForEncodings = 0;
			knownRegions = (
				en,
				Base,
			);
			mainGroup = FE8BE8282A02BD3400D1B20C;
			packageReferences = (
				FE5372B22A039C9F00E2AA89 /* XCRemoteSwiftPackageReference "MyCars" */,
			);
			productRefGroup = FE8BE8322A02BD3400D1B20C /* Products */;
			projectDirPath = "";
			projectRoot = "";
			targets = (
				FE8BE8302A02BD3400D1B20C /* MyProject */,
				FE8BE8422A02BD3600D1B20C /* MyProjectTests */,
				FE8BE84C2A02BD3600D1B20C /* MyProjectUITests */,
			);
		};
/* End PBXProject section */

/* Begin PBXResourcesBuildPhase section */
		FE8BE82F2A02BD3400D1B20C /* Resources */ = {
			isa = PBXResourcesBuildPhase;
			buildActionMask = 2147483647;
			files = (
				FE8BE83A2A02BD3600D1B20C /* Assets.xcassets in Resources */,
				FE8BE83D2A02BD3600D1B20C /* MainMenu.xib in Resources */,
			);
			runOnlyForDeploymentPostprocessing = 0;
		};
		FE8BE8412A02BD3600D1B20C /* Resources */ = {
			isa = PBXResourcesBuildPhase;
			buildActionMask = 2147483647;
			files = (
			);
			runOnlyForDeploymentPostprocessing = 0;
		};
		FE8BE84B2A02BD3600D1B20C /* Resources */ = {
			isa = PBXResourcesBuildPhase;
			buildActionMask = 2147483647;
			files = (
			);
			runOnlyForDeploymentPostprocessing = 0;
		};
/* End PBXResourcesBuildPhase section */

/* Begin PBXSourcesBuildPhase section */
		FE8BE82D2A02BD3400D1B20C /* Sources */ = {
			isa = PBXSourcesBuildPhase;
			buildActionMask = 2147483647;
			files = (
				FE8BE8352A02BD3400D1B20C /* AppDelegate.swift in Sources */,
				FE8BE8382A02BD3400D1B20C /* MyProject.xcdatamodeld in Sources */,
			);
			runOnlyForDeploymentPostprocessing = 0;
		};
		FE8BE83F2A02BD3600D1B20C /* Sources */ = {
			isa = PBXSourcesBuildPhase;
			buildActionMask = 2147483647;
			files = (
				FE8BE8482A02BD3600D1B20C /* MyProjectTests.swift in Sources */,
			);
			runOnlyForDeploymentPostprocessing = 0;
		};
		FE8BE8492A02BD3600D1B20C /* Sources */ = {
			isa = PBXSourcesBuildPhase;
			buildActionMask = 2147483647;
			files = (
				FE8BE8542A02BD3600D1B20C /* MyProjectUITestsLaunchTests.swift in Sources */,
				FE8BE8522A02BD3600D1B20C /* MyProjectUITests.swift in Sources */,
			);
			runOnlyForDeploymentPostprocessing = 0;
		};
/* End PBXSourcesBuildPhase section */

/* Begin PBXTargetDependency section */
		FE8BE8452A02BD3600D1B20C /* PBXTargetDependency */ = {
			isa = PBXTargetDependency;
			target = FE8BE8302A02BD3400D1B20C /* MyProject */;
			targetProxy = FE8BE8442A02BD3600D1B20C /* PBXContainerItemProxy */;
		};
		FE8BE84F2A02BD3600D1B20C /* PBXTargetDependency */ = {
			isa = PBXTargetDependency;
			target = FE8BE8302A02BD3400D1B20C /* MyProject */;
			targetProxy = FE8BE84E2A02BD3600D1B20C /* PBXContainerItemProxy */;
		};
/* End PBXTargetDependency section */

/* Begin PBXVariantGroup section */
		FE8BE83B2A02BD3600D1B20C /* MainMenu.xib */ = {
			isa = PBXVariantGroup;
			children = (
				FE8BE83C2A02BD3600D1B20C /* Base */,
			);
			name = MainMenu.xib;
			sourceTree = "<group>";
		};
/* End PBXVariantGroup section */

/* Begin XCBuildConfiguration section */
		FE8BE8552A02BD3600D1B20C /* Debug */ = {
			isa = XCBuildConfiguration;
			buildSettings = {
				ALWAYS_SEARCH_USER_PATHS = NO;
				CLANG_ANALYZER_NONNULL = YES;
				CLANG_ANALYZER_NUMBER_OBJECT_CONVERSION = YES_AGGRESSIVE;
				CLANG_CXX_LANGUAGE_STANDARD = "gnu++20";
				CLANG_ENABLE_MODULES = YES;
				CLANG_ENABLE_OBJC_ARC = YES;
				CLANG_ENABLE_OBJC_WEAK = YES;
				CLANG_WARN_BLOCK_CAPTURE_AUTORELEASING = YES;
				CLANG_WARN_BOOL_CONVERSION = YES;
				CLANG_WARN_COMMA = YES;
				CLANG_WARN_CONSTANT_CONVERSION = YES;
				CLANG_WARN_DEPRECATED_OBJC_IMPLEMENTATIONS = YES;
				CLANG_WARN_DIRECT_OBJC_ISA_USAGE = YES_ERROR;
				CLANG_WARN_DOCUMENTATION_COMMENTS = YES;
				CLANG_WARN_EMPTY_BODY = YES;
				CLANG_WARN_ENUM_CONVERSION = YES;
				CLANG_WARN_INFINITE_RECURSION = YES;
				CLANG_WARN_INT_CONVERSION = YES;
				CLANG_WARN_NON_LITERAL_NULL_CONVERSION = YES;
				CLANG_WARN_OBJC_IMPLICIT_RETAIN_SELF = YES;
				CLANG_WARN_OBJC_LITERAL_CONVERSION = YES;
				CLANG_WARN_OBJC_ROOT_CLASS = YES_ERROR;
				CLANG_WARN_QUOTED_INCLUDE_IN_FRAMEWORK_HEADER = YES;
				CLANG_WARN_RANGE_LOOP_ANALYSIS = YES;
				CLANG_WARN_STRICT_PROTOTYPES = YES;
				CLANG_WARN_SUSPICIOUS_MOVE = YES;
				CLANG_WARN_UNGUARDED_AVAILABILITY = YES_AGGRESSIVE;
				CLANG_WARN_UNREACHABLE_CODE = YES;
				CLANG_WARN__DUPLICATE_METHOD_MATCH = YES;
				COPY_PHASE_STRIP = NO;
				DEBUG_INFORMATION_FORMAT = dwarf;
				ENABLE_STRICT_OBJC_MSGSEND = YES;
				ENABLE_TESTABILITY = YES;
				GCC_C_LANGUAGE_STANDARD = gnu11;
				GCC_DYNAMIC_NO_PIC = NO;
				GCC_NO_COMMON_BLOCKS = YES;
				GCC_OPTIMIZATION_LEVEL = 0;
				GCC_PREPROCESSOR_DEFINITIONS = (
					"DEBUG=1",
					"$(inherited)",
				);
				GCC_WARN_64_TO_32_BIT_CONVERSION = YES;
				GCC_WARN_ABOUT_RETURN_TYPE = YES_ERROR;
				GCC_WARN_UNDECLARED_SELECTOR = YES;
				GCC_WARN_UNINITIALIZED_AUTOS = YES_AGGRESSIVE;
				GCC_WARN_UNUSED_FUNCTION = YES;
				GCC_WARN_UNUSED_VARIABLE = YES;
				MACOSX_DEPLOYMENT_TARGET = 13.3;
				MTL_ENABLE_DEBUG_INFO = INCLUDE_SOURCE;
				MTL_FAST_MATH = YES;
				ONLY_ACTIVE_ARCH = YES;
				SDKROOT = macosx;
				SWIFT_ACTIVE_COMPILATION_CONDITIONS = DEBUG;
				SWIFT_OPTIMIZATION_LEVEL = "-Onone";
			};
			name = Debug;
		};
		FE8BE8562A02BD3600D1B20C /* Release */ = {
			isa = XCBuildConfiguration;
			buildSettings = {
				ALWAYS_SEARCH_USER_PATHS = NO;
				CLANG_ANALYZER_NONNULL = YES;
				CLANG_ANALYZER_NUMBER_OBJECT_CONVERSION = YES_AGGRESSIVE;
				CLANG_CXX_LANGUAGE_STANDARD = "gnu++20";
				CLANG_ENABLE_MODULES = YES;
				CLANG_ENABLE_OBJC_ARC = YES;
				CLANG_ENABLE_OBJC_WEAK = YES;
				CLANG_WARN_BLOCK_CAPTURE_AUTORELEASING = YES;
				CLANG_WARN_BOOL_CONVERSION = YES;
				CLANG_WARN_COMMA = YES;
				CLANG_WARN_CONSTANT_CONVERSION = YES;
				CLANG_WARN_DEPRECATED_OBJC_IMPLEMENTATIONS = YES;
				CLANG_WARN_DIRECT_OBJC_ISA_USAGE = YES_ERROR;
				CLANG_WARN_DOCUMENTATION_COMMENTS = YES;
				CLANG_WARN_EMPTY_BODY = YES;
				CLANG_WARN_ENUM_CONVERSION = YES;
				CLANG_WARN_INFINITE_RECURSION = YES;
				CLANG_WARN_INT_CONVERSION = YES;
				CLANG_WARN_NON_LITERAL_NULL_CONVERSION = YES;
				CLANG_WARN_OBJC_IMPLICIT_RETAIN_SELF = YES;
				CLANG_WARN_OBJC_LITERAL_CONVERSION = YES;
				CLANG_WARN_OBJC_ROOT_CLASS = YES_ERROR;
				CLANG_WARN_QUOTED_INCLUDE_IN_FRAMEWORK_HEADER = YES;
				CLANG_WARN_RANGE_LOOP_ANALYSIS = YES;
				CLANG_WARN_STRICT_PROTOTYPES = YES;
				CLANG_WARN_SUSPICIOUS_MOVE = YES;
				CLANG_WARN_UNGUARDED_AVAILABILITY = YES_AGGRESSIVE;
				CLANG_WARN_UNREACHABLE_CODE = YES;
				CLANG_WARN__DUPLICATE_METHOD_MATCH = YES;
				COPY_PHASE_STRIP = NO;
				DEBUG_INFORMATION_FORMAT = "dwarf-with-dsym";
				ENABLE_NS_ASSERTIONS = NO;
				ENABLE_STRICT_OBJC_MSGSEND = YES;
				GCC_C_LANGUAGE_STANDARD = gnu11;
				GCC_NO_COMMON_BLOCKS = YES;
				GCC_WARN_64_TO_32_BIT_CONVERSION = YES;
				GCC_WARN_ABOUT_RETURN_TYPE = YES_ERROR;
				GCC_WARN_UNDECLARED_SELECTOR = YES;
				GCC_WARN_UNINITIALIZED_AUTOS = YES_AGGRESSIVE;
				GCC_WARN_UNUSED_FUNCTION = YES;
				GCC_WARN_UNUSED_VARIABLE = YES;
				MACOSX_DEPLOYMENT_TARGET = 13.3;
				MTL_ENABLE_DEBUG_INFO = NO;
				MTL_FAST_MATH = YES;
				SDKROOT = macosx;
				SWIFT_COMPILATION_MODE = wholemodule;
				SWIFT_OPTIMIZATION_LEVEL = "-O";
			};
			name = Release;
		};
		FE8BE8582A02BD3600D1B20C /* Debug */ = {
			isa = XCBuildConfiguration;
			buildSettings = {
				ASSETCATALOG_COMPILER_APPICON_NAME = AppIcon;
				ASSETCATALOG_COMPILER_GLOBAL_ACCENT_COLOR_NAME = AccentColor;
				CODE_SIGN_ENTITLEMENTS = MyProject/MyProject.entitlements;
				CODE_SIGN_STYLE = Automatic;
				COMBINE_HIDPI_IMAGES = YES;
				CURRENT_PROJECT_VERSION = 1;
				DEVELOPMENT_TEAM = 283QBLU5Y2;
				ENABLE_HARDENED_RUNTIME = YES;
				GENERATE_INFOPLIST_FILE = YES;
				INFOPLIST_KEY_NSHumanReadableCopyright = "";
				INFOPLIST_KEY_NSMainNibFile = MainMenu;
				INFOPLIST_KEY_NSPrincipalClass = NSApplication;
				LD_RUNPATH_SEARCH_PATHS = (
					"$(inherited)",
					"@executable_path/../Frameworks",
				);
				MACOSX_DEPLOYMENT_TARGET = 10.15;
				MARKETING_VERSION = 1.0;
				PRODUCT_BUNDLE_IDENTIFIER = com.ftm.MyProject;
				PRODUCT_NAME = "$(TARGET_NAME)";
				SWIFT_EMIT_LOC_STRINGS = YES;
				SWIFT_VERSION = 5.0;
			};
			name = Debug;
		};
		FE8BE8592A02BD3600D1B20C /* Release */ = {
			isa = XCBuildConfiguration;
			buildSettings = {
				ASSETCATALOG_COMPILER_APPICON_NAME = AppIcon;
				ASSETCATALOG_COMPILER_GLOBAL_ACCENT_COLOR_NAME = AccentColor;
				CODE_SIGN_ENTITLEMENTS = MyProject/MyProject.entitlements;
				CODE_SIGN_STYLE = Automatic;
				COMBINE_HIDPI_IMAGES = YES;
				CURRENT_PROJECT_VERSION = 1;
				DEVELOPMENT_TEAM = 283QBLU5Y2;
				ENABLE_HARDENED_RUNTIME = YES;
				GENERATE_INFOPLIST_FILE = YES;
				INFOPLIST_KEY_NSHumanReadableCopyright = "";
				INFOPLIST_KEY_NSMainNibFile = MainMenu;
				INFOPLIST_KEY_NSPrincipalClass = NSApplication;
				LD_RUNPATH_SEARCH_PATHS = (
					"$(inherited)",
					"@executable_path/../Frameworks",
				);
				MACOSX_DEPLOYMENT_TARGET = 10.15;
				MARKETING_VERSION = 1.0;
				PRODUCT_BUNDLE_IDENTIFIER = com.ftm.MyProject;
				PRODUCT_NAME = "$(TARGET_NAME)";
				SWIFT_EMIT_LOC_STRINGS = YES;
				SWIFT_VERSION = 5.0;
			};
			name = Release;
		};
		FE8BE85B2A02BD3600D1B20C /* Debug */ = {
			isa = XCBuildConfiguration;
			buildSettings = {
				ALWAYS_EMBED_SWIFT_STANDARD_LIBRARIES = YES;
				BUNDLE_LOADER = "$(TEST_HOST)";
				CODE_SIGN_STYLE = Automatic;
				CURRENT_PROJECT_VERSION = 1;
				DEVELOPMENT_TEAM = 283QBLU5Y2;
				GENERATE_INFOPLIST_FILE = YES;
				MACOSX_DEPLOYMENT_TARGET = 10.15;
				MARKETING_VERSION = 1.0;
				PRODUCT_BUNDLE_IDENTIFIER = com.ftm.MyProjectTests;
				PRODUCT_NAME = "$(TARGET_NAME)";
				SWIFT_EMIT_LOC_STRINGS = NO;
				SWIFT_VERSION = 5.0;
				TEST_HOST = "$(BUILT_PRODUCTS_DIR)/MyProject.app/$(BUNDLE_EXECUTABLE_FOLDER_PATH)/MyProject";
			};
			name = Debug;
		};
		FE8BE85C2A02BD3600D1B20C /* Release */ = {
			isa = XCBuildConfiguration;
			buildSettings = {
				ALWAYS_EMBED_SWIFT_STANDARD_LIBRARIES = YES;
				BUNDLE_LOADER = "$(TEST_HOST)";
				CODE_SIGN_STYLE = Automatic;
				CURRENT_PROJECT_VERSION = 1;
				DEVELOPMENT_TEAM = 283QBLU5Y2;
				GENERATE_INFOPLIST_FILE = YES;
				MACOSX_DEPLOYMENT_TARGET = 10.15;
				MARKETING_VERSION = 1.0;
				PRODUCT_BUNDLE_IDENTIFIER = com.ftm.MyProjectTests;
				PRODUCT_NAME = "$(TARGET_NAME)";
				SWIFT_EMIT_LOC_STRINGS = NO;
				SWIFT_VERSION = 5.0;
				TEST_HOST = "$(BUILT_PRODUCTS_DIR)/MyProject.app/$(BUNDLE_EXECUTABLE_FOLDER_PATH)/MyProject";
			};
			name = Release;
		};
		FE8BE85E2A02BD3600D1B20C /* Debug */ = {
			isa = XCBuildConfiguration;
			buildSettings = {
				ALWAYS_EMBED_SWIFT_STANDARD_LIBRARIES = YES;
				CODE_SIGN_STYLE = Automatic;
				CURRENT_PROJECT_VERSION = 1;
				DEVELOPMENT_TEAM = 283QBLU5Y2;
				GENERATE_INFOPLIST_FILE = YES;
				MARKETING_VERSION = 1.0;
				PRODUCT_BUNDLE_IDENTIFIER = com.ftm.MyProjectUITests;
				PRODUCT_NAME = "$(TARGET_NAME)";
				SWIFT_EMIT_LOC_STRINGS = NO;
				SWIFT_VERSION = 5.0;
				TEST_TARGET_NAME = MyProject;
			};
			name = Debug;
		};
		FE8BE85F2A02BD3600D1B20C /* Release */ = {
			isa = XCBuildConfiguration;
			buildSettings = {
				ALWAYS_EMBED_SWIFT_STANDARD_LIBRARIES = YES;
				CODE_SIGN_STYLE = Automatic;
				CURRENT_PROJECT_VERSION = 1;
				DEVELOPMENT_TEAM = 283QBLU5Y2;
				GENERATE_INFOPLIST_FILE = YES;
				MARKETING_VERSION = 1.0;
				PRODUCT_BUNDLE_IDENTIFIER = com.ftm.MyProjectUITests;
				PRODUCT_NAME = "$(TARGET_NAME)";
				SWIFT_EMIT_LOC_STRINGS = NO;
				SWIFT_VERSION = 5.0;
				TEST_TARGET_NAME = MyProject;
			};
			name = Release;
		};
/* End XCBuildConfiguration section */

/* Begin XCConfigurationList section */
		FE8BE82C2A02BD3400D1B20C /* Build configuration list for PBXProject "MyProject" */ = {
			isa = XCConfigurationList;
			buildConfigurations = (
				FE8BE8552A02BD3600D1B20C /* Debug */,
				FE8BE8562A02BD3600D1B20C /* Release */,
			);
			defaultConfigurationIsVisible = 0;
			defaultConfigurationName = Release;
		};
		FE8BE8572A02BD3600D1B20C /* Build configuration list for PBXNativeTarget "MyProject" */ = {
			isa = XCConfigurationList;
			buildConfigurations = (
				FE8BE8582A02BD3600D1B20C /* Debug */,
				FE8BE8592A02BD3600D1B20C /* Release */,
			);
			defaultConfigurationIsVisible = 0;
			defaultConfigurationName = Release;
		};
		FE8BE85A2A02BD3600D1B20C /* Build configuration list for PBXNativeTarget "MyProjectTests" */ = {
			isa = XCConfigurationList;
			buildConfigurations = (
				FE8BE85B2A02BD3600D1B20C /* Debug */,
				FE8BE85C2A02BD3600D1B20C /* Release */,
			);
			defaultConfigurationIsVisible = 0;
			defaultConfigurationName = Release;
		};
		FE8BE85D2A02BD3600D1B20C /* Build configuration list for PBXNativeTarget "MyProjectUITests" */ = {
			isa = XCConfigurationList;
			buildConfigurations = (
				FE8BE85E2A02BD3600D1B20C /* Debug */,
				FE8BE85F2A02BD3600D1B20C /* Release */,
			);
			defaultConfigurationIsVisible = 0;
			defaultConfigurationName = Release;
		};
/* End XCConfigurationList section */

/* Begin XCRemoteSwiftPackageReference section */
		FE5372B22A039C9F00E2AA89 /* XCRemoteSwiftPackageReference "MyCars" */ = {
			isa = XCRemoteSwiftPackageReference;
			repositoryURL = "https://github.com/omnts/MyCars";
			requirement = {
				branch = main;
				kind = branch;
			};
		};
/* End XCRemoteSwiftPackageReference section */

/* Begin XCSwiftPackageProductDependency section */
		FE5372B32A039C9F00E2AA89 /* MyCars */ = {
			isa = XCSwiftPackageProductDependency;
			package = FE5372B22A039C9F00E2AA89 /* XCRemoteSwiftPackageReference "MyCars" */;
			productName = MyCars;
		};
/* End XCSwiftPackageProductDependency section */

/* Begin XCVersionGroup section */
		FE8BE8362A02BD3400D1B20C /* MyProject.xcdatamodeld */ = {
			isa = XCVersionGroup;
			children = (
				FE8BE8372A02BD3400D1B20C /* MyProject.xcdatamodel */,
			);
			currentVersion = FE8BE8372A02BD3400D1B20C /* MyProject.xcdatamodel */;
			path = MyProject.xcdatamodeld;
			sourceTree = "<group>";
			versionGroupType = wrapper.xcdatamodel;
		};
/* End XCVersionGroup section */
	};
	rootObject = FE8BE8292A02BD3400D1B20C /* Project object */;
}
