{
  "pins" : [
    {
      "identity" : "omnpresets",
      "kind" : "remoteSourceControl",
      "location" : "https://github.com/omnts/OMNPresets",
      "state" : {
        "branch" : "main",
        "revision" : "f727d6cd0b102f10dfb2985605d8bd9e2356f40d"
      }
    },
    {
      "identity" : "omntools",
      "kind" : "remoteSourceControl",
      "location" : "https://github.com/omnts/OMNTools.git",
      "state" : {
        "branch" : "main",
        "revision" : "e8b30fc4c269c046aca1b9fd5f1ff65e68d4f860"
      }
    }
  ],
  "version" : 2
}
